
Microsoft Visual Studio Solution File, Format Version 12.00
# Visual Studio 2017
Project("{FAE04EC0-301F-11D3-BF4B-00C04F79EFBC}") = "Minicurso", "Minicurso.csproj", "{BF91A34F-0151-76DE-C6F3-C39EAA0E65E5}"
EndProject
Project("{FAE04EC0-301F-11D3-BF4B-00C04F79EFBC}") = "Minicurso.Editor", "Minicurso.Editor.csproj", "{310AC3FC-27F2-B61F-BF68-00DAD088CDAC}"
EndProject
Global
	GlobalSection(SolutionConfigurationPlatforms) = preSolution
		Debug|Any CPU = Debug|Any CPU
		Release|Any CPU = Release|Any CPU
	EndGlobalSection
	GlobalSection(ProjectConfigurationPlatforms) = postSolution
		{BF91A34F-0151-76DE-C6F3-C39EAA0E65E5}.Debug|Any CPU.ActiveCfg = Debug|Any CPU
		{BF91A34F-0151-76DE-C6F3-C39EAA0E65E5}.Debug|Any CPU.Build.0 = Debug|Any CPU
		{BF91A34F-0151-76DE-C6F3-C39EAA0E65E5}.Release|Any CPU.ActiveCfg = Release|Any CPU
		{BF91A34F-0151-76DE-C6F3-C39EAA0E65E5}.Release|Any CPU.Build.0 = Release|Any CPU
		{310AC3FC-27F2-B61F-BF68-00DAD088CDAC}.Debug|Any CPU.ActiveCfg = Debug|Any CPU
		{310AC3FC-27F2-B61F-BF68-00DAD088CDAC}.Debug|Any CPU.Build.0 = Debug|Any CPU
		{310AC3FC-27F2-B61F-BF68-00DAD088CDAC}.Release|Any CPU.ActiveCfg = Release|Any CPU
		{310AC3FC-27F2-B61F-BF68-00DAD088CDAC}.Release|Any CPU.Build.0 = Release|Any CPU
	EndGlobalSection
	GlobalSection(SolutionProperties) = preSolution
		HideSolutionNode = FALSE
	EndGlobalSection
EndGlobal
